{
    "version": 3,
    "terraform_version": "0.9.8",
    "serial": 2,
    "lineage": "df45246d-eb56-4a13-b0d5-e7471a627de0",
    "modules": [
        {
            "path": [
                "root"
            ],
            "outputs": {},
            "resources": {
                "aws_lambda_function.parseHTML": {
                    "type": "aws_lambda_function",
                    "depends_on": [],
                    "primary": {
                        "id": "parseHTML",
                        "attributes": {
                            "arn": "arn:aws:lambda:us-west-1:391329636447:function:parseHTML",
                            "dead_letter_config.#": "0",
                            "description": "given PUT request with url, parse HTML to json object",
                            "environment.#": "0",
                            "function_name": "parseHTML",
                            "handler": "parseHTML.parse",
                            "id": "parseHTML",
                            "invoke_arn": "arn:aws:apigateway:us-west-1:lambda:path/2015-03-31/functions/arn:aws:lambda:us-west-1:391329636447:function:parseHTML/invocations",
                            "kms_key_arn": "",
                            "last_modified": "2017-06-19T19:38:19.206+0000",
                            "memory_size": "128",
                            "qualified_arn": "arn:aws:lambda:us-west-1:391329636447:function:parseHTML:$LATEST",
                            "role": "arn:aws:iam::391329636447:role/service-role/parseHTML",
                            "runtime": "python2.7",
                            "source_code_hash": "CZpgdqQp7XY51yImvrUv+yQic6C2NacfAImoOyA85FE=",
                            "tags.%": "0",
                            "timeout": "30",
                            "tracing_config.#": "1",
                            "tracing_config.0.mode": "PassThrough",
                            "version": "$LATEST",
                            "vpc_config.#": "0"
                        },
                        "meta": {},
                        "tainted": false
                    },
                    "deposed": [],
                    "provider": "aws"
                }
            },
            "depends_on": []
        }
    ]
}
